<?xml version="1.0" encoding="utf-8"?>
<Project ToolsVersion="4.0" xmlns="http://schemas.microsoft.com/developer/msbuild/2003">
  <ItemGroup>
    <Filter Include="Source Files">
      <UniqueIdentifier>{4FC737F1-C7A5-4376-A066-2A32D752A2FF}</UniqueIdentifier>
      <Extensions>cpp;c;cc;cxx;def;odl;idl;hpj;bat;asm;asmx</Extensions>
    </Filter>
    <Filter Include="Header Files">
      <UniqueIdentifier>{93995380-89BD-4b04-88EB-625FBE52EBFB}</UniqueIdentifier>
      <Extensions>h;hh;hpp;hxx;hm;inl;inc;xsd</Extensions>
    </Filter>
    <Filter Include="Resource Files">
      <UniqueIdentifier>{67DA6AB6-F800-4c08-8B7A-83BB121AAD01}</UniqueIdentifier>
      <Extensions>rc;ico;cur;bmp;dlg;rc2;rct;bin;rgs;gif;jpg;jpeg;jpe;resx;tiff;tif;png;wav</Extensions>
    </Filter>
  </ItemGroup>
  <ItemGroup>
    <ClCompile Include="src\sm64ap.cpp">
      <Filter>Source Files</Filter>
    </ClCompile>
    <ClCompile Include="src\audio\data.c">
      <Filter>Source Files</Filter>
    </ClCompile>
    <ClCompile Include="src\audio\effects.c">
      <Filter>Source Files</Filter>
    </ClCompile>
    <ClCompile Include="src\audio\external.c">
      <Filter>Source Files</Filter>
    </ClCompile>
    <ClCompile Include="src\audio\globals_start.c">
      <Filter>Source Files</Filter>
    </ClCompile>
    <ClCompile Include="src\audio\heap.c">
      <Filter>Source Files</Filter>
    </ClCompile>
    <ClCompile Include="src\audio\load.c">
      <Filter>Source Files</Filter>
    </ClCompile>
    <ClCompile Include="src\audio\playback.c">
      <Filter>Source Files</Filter>
    </ClCompile>
    <ClCompile Include="src\audio\port_eu.c">
      <Filter>Source Files</Filter>
    </ClCompile>
    <ClCompile Include="src\audio\seqplayer.c">
      <Filter>Source Files</Filter>
    </ClCompile>
    <ClCompile Include="src\audio\synthesis.c">
      <Filter>Source Files</Filter>
    </ClCompile>
    <ClCompile Include="src\buffers\buffers.c">
      <Filter>Source Files</Filter>
    </ClCompile>
    <ClCompile Include="src\buffers\framebuffers.c">
      <Filter>Source Files</Filter>
    </ClCompile>
    <ClCompile Include="src\buffers\gfx_output_buffer.c">
      <Filter>Source Files</Filter>
    </ClCompile>
    <ClCompile Include="src\buffers\zbuffer.c">
      <Filter>Source Files</Filter>
    </ClCompile>
    <ClCompile Include="src\engine\behavior_script.c">
      <Filter>Source Files</Filter>
    </ClCompile>
    <ClCompile Include="src\engine\geo_layout.c">
      <Filter>Source Files</Filter>
    </ClCompile>
    <ClCompile Include="src\engine\graph_node.c">
      <Filter>Source Files</Filter>
    </ClCompile>
    <ClCompile Include="src\engine\graph_node_manager.c">
      <Filter>Source Files</Filter>
    </ClCompile>
    <ClCompile Include="src\engine\level_script.c">
      <Filter>Source Files</Filter>
    </ClCompile>
    <ClCompile Include="src\engine\math_util.c">
      <Filter>Source Files</Filter>
    </ClCompile>
    <ClCompile Include="src\engine\surface_collision.c">
      <Filter>Source Files</Filter>
    </ClCompile>
    <ClCompile Include="src\engine\surface_load.c">
      <Filter>Source Files</Filter>
    </ClCompile>
    <ClCompile Include="src\game\area.c">
      <Filter>Source Files</Filter>
    </ClCompile>
    <ClCompile Include="src\game\behavior_actions.c">
      <Filter>Source Files</Filter>
    </ClCompile>
    <ClCompile Include="src\game\camera.c">
      <Filter>Source Files</Filter>
    </ClCompile>
    <ClCompile Include="src\game\debug.c">
      <Filter>Source Files</Filter>
    </ClCompile>
    <ClCompile Include="src\game\debug_course.c">
      <Filter>Source Files</Filter>
    </ClCompile>
    <ClCompile Include="src\game\envfx_bubbles.c">
      <Filter>Source Files</Filter>
    </ClCompile>
    <ClCompile Include="src\game\envfx_snow.c">
      <Filter>Source Files</Filter>
    </ClCompile>
    <ClCompile Include="src\game\game_init.c">
      <Filter>Source Files</Filter>
    </ClCompile>
    <ClCompile Include="src\game\geo_misc.c">
      <Filter>Source Files</Filter>
    </ClCompile>
    <ClCompile Include="src\game\hud.c">
      <Filter>Source Files</Filter>
    </ClCompile>
    <ClCompile Include="src\game\ingame_menu.c">
      <Filter>Source Files</Filter>
    </ClCompile>
    <ClCompile Include="src\game\interaction.c">
      <Filter>Source Files</Filter>
    </ClCompile>
    <ClCompile Include="src\game\level_geo.c">
      <Filter>Source Files</Filter>
    </ClCompile>
    <ClCompile Include="src\game\level_update.c">
      <Filter>Source Files</Filter>
    </ClCompile>
    <ClCompile Include="src\game\macro_special_objects.c">
      <Filter>Source Files</Filter>
    </ClCompile>
    <ClCompile Include="src\game\main.c">
      <Filter>Source Files</Filter>
    </ClCompile>
    <ClCompile Include="src\game\mario.c">
      <Filter>Source Files</Filter>
    </ClCompile>
    <ClCompile Include="src\game\mario_actions_airborne.c">
      <Filter>Source Files</Filter>
    </ClCompile>
    <ClCompile Include="src\game\mario_actions_automatic.c">
      <Filter>Source Files</Filter>
    </ClCompile>
    <ClCompile Include="src\game\mario_actions_cutscene.c">
      <Filter>Source Files</Filter>
    </ClCompile>
    <ClCompile Include="src\game\mario_actions_moving.c">
      <Filter>Source Files</Filter>
    </ClCompile>
    <ClCompile Include="src\game\mario_actions_object.c">
      <Filter>Source Files</Filter>
    </ClCompile>
    <ClCompile Include="src\game\mario_actions_stationary.c">
      <Filter>Source Files</Filter>
    </ClCompile>
    <ClCompile Include="src\game\mario_actions_submerged.c">
      <Filter>Source Files</Filter>
    </ClCompile>
    <ClCompile Include="src\game\mario_misc.c">
      <Filter>Source Files</Filter>
    </ClCompile>
    <ClCompile Include="src\game\mario_step.c">
      <Filter>Source Files</Filter>
    </ClCompile>
    <ClCompile Include="src\game\memory.c">
      <Filter>Source Files</Filter>
    </ClCompile>
    <ClCompile Include="src\game\moving_texture.c">
      <Filter>Source Files</Filter>
    </ClCompile>
    <ClCompile Include="src\game\object_collision.c">
      <Filter>Source Files</Filter>
    </ClCompile>
    <ClCompile Include="src\game\object_helpers.c">
      <Filter>Source Files</Filter>
    </ClCompile>
    <ClCompile Include="src\game\object_list_processor.c">
      <Filter>Source Files</Filter>
    </ClCompile>
    <ClCompile Include="src\game\obj_behaviors.c">
      <Filter>Source Files</Filter>
    </ClCompile>
    <ClCompile Include="src\game\obj_behaviors_2.c">
      <Filter>Source Files</Filter>
    </ClCompile>
    <ClCompile Include="src\game\options_menu.c">
      <Filter>Source Files</Filter>
    </ClCompile>
    <ClCompile Include="src\game\paintings.c">
      <Filter>Source Files</Filter>
    </ClCompile>
    <ClCompile Include="src\game\platform_displacement.c">
      <Filter>Source Files</Filter>
    </ClCompile>
    <ClCompile Include="src\game\print.c">
      <Filter>Source Files</Filter>
    </ClCompile>
    <ClCompile Include="src\game\profiler.c">
      <Filter>Source Files</Filter>
    </ClCompile>
    <ClCompile Include="src\game\rendering_graph_node.c">
      <Filter>Source Files</Filter>
    </ClCompile>
    <ClCompile Include="src\game\save_file.c">
      <Filter>Source Files</Filter>
    </ClCompile>
    <ClCompile Include="src\game\screen_transition.c">
      <Filter>Source Files</Filter>
    </ClCompile>
    <ClCompile Include="src\game\shadow.c">
      <Filter>Source Files</Filter>
    </ClCompile>
    <ClCompile Include="src\game\skybox.c">
      <Filter>Source Files</Filter>
    </ClCompile>
    <ClCompile Include="src\game\sound_init.c">
      <Filter>Source Files</Filter>
    </ClCompile>
    <ClCompile Include="src\game\spawn_object.c">
      <Filter>Source Files</Filter>
    </ClCompile>
    <ClCompile Include="src\game\spawn_sound.c">
      <Filter>Source Files</Filter>
    </ClCompile>
    <ClCompile Include="src\game\thread6.c">
      <Filter>Source Files</Filter>
    </ClCompile>
    <ClCompile Include="src\game\behaviors\activated_bf_plat.inc.c">
      <Filter>Source Files</Filter>
    </ClCompile>
    <ClCompile Include="src\game\behaviors\amp.inc.c">
      <Filter>Source Files</Filter>
    </ClCompile>
    <ClCompile Include="src\game\behaviors\animated_floor_switch.inc.c">
      <Filter>Source Files</Filter>
    </ClCompile>
    <ClCompile Include="src\game\behaviors\arrow_lift.inc.c">
      <Filter>Source Files</Filter>
    </ClCompile>
    <ClCompile Include="src\game\behaviors\bbh_haunted_bookshelf.inc.c">
      <Filter>Source Files</Filter>
    </ClCompile>
    <ClCompile Include="src\game\behaviors\bbh_merry_go_round.inc.c">
      <Filter>Source Files</Filter>
    </ClCompile>
    <ClCompile Include="src\game\behaviors\bbh_tilting_trap.inc.c">
      <Filter>Source Files</Filter>
    </ClCompile>
    <ClCompile Include="src\game\behaviors\beta_boo_key.inc.c">
      <Filter>Source Files</Filter>
    </ClCompile>
    <ClCompile Include="src\game\behaviors\beta_bowser_anchor.inc.c">
      <Filter>Source Files</Filter>
    </ClCompile>
    <ClCompile Include="src\game\behaviors\beta_chest.inc.c">
      <Filter>Source Files</Filter>
    </ClCompile>
    <ClCompile Include="src\game\behaviors\beta_fish_splash_spawner.inc.c">
      <Filter>Source Files</Filter>
    </ClCompile>
    <ClCompile Include="src\game\behaviors\beta_holdable_object.inc.c">
      <Filter>Source Files</Filter>
    </ClCompile>
    <ClCompile Include="src\game\behaviors\beta_trampoline.inc.c">
      <Filter>Source Files</Filter>
    </ClCompile>
    <ClCompile Include="src\game\behaviors\bird.inc.c">
      <Filter>Source Files</Filter>
    </ClCompile>
    <ClCompile Include="src\game\behaviors\blue_coin.inc.c">
      <Filter>Source Files</Filter>
    </ClCompile>
    <ClCompile Include="src\game\behaviors\blue_fish.inc.c">
      <Filter>Source Files</Filter>
    </ClCompile>
    <ClCompile Include="src\game\behaviors\bobomb.inc.c">
      <Filter>Source Files</Filter>
    </ClCompile>
    <ClCompile Include="src\game\behaviors\bomp.inc.c">
      <Filter>Source Files</Filter>
    </ClCompile>
    <ClCompile Include="src\game\behaviors\boo.inc.c">
      <Filter>Source Files</Filter>
    </ClCompile>
    <ClCompile Include="src\game\behaviors\boo_cage.inc.c">
      <Filter>Source Files</Filter>
    </ClCompile>
    <ClCompile Include="src\game\behaviors\boulder.inc.c">
      <Filter>Source Files</Filter>
    </ClCompile>
    <ClCompile Include="src\game\behaviors\bouncing_fireball.inc.c">
      <Filter>Source Files</Filter>
    </ClCompile>
    <ClCompile Include="src\game\behaviors\bowling_ball.inc.c">
      <Filter>Source Files</Filter>
    </ClCompile>
    <ClCompile Include="src\game\behaviors\bowser.inc.c">
      <Filter>Source Files</Filter>
    </ClCompile>
    <ClCompile Include="src\game\behaviors\bowser_bomb.inc.c">
      <Filter>Source Files</Filter>
    </ClCompile>
    <ClCompile Include="src\game\behaviors\bowser_key.inc.c">
      <Filter>Source Files</Filter>
    </ClCompile>
    <ClCompile Include="src\game\behaviors\bowser_key_cutscene.inc.c">
      <Filter>Source Files</Filter>
    </ClCompile>
    <ClCompile Include="src\game\behaviors\bowser_puzzle_piece.inc.c">
      <Filter>Source Files</Filter>
    </ClCompile>
    <ClCompile Include="src\game\behaviors\breakable_box.inc.c">
      <Filter>Source Files</Filter>
    </ClCompile>
    <ClCompile Include="src\game\behaviors\breakable_box_small.inc.c">
      <Filter>Source Files</Filter>
    </ClCompile>
    <ClCompile Include="src\game\behaviors\breakable_wall.inc.c">
      <Filter>Source Files</Filter>
    </ClCompile>
    <ClCompile Include="src\game\behaviors\break_particles.inc.c">
      <Filter>Source Files</Filter>
    </ClCompile>
    <ClCompile Include="src\game\behaviors\bub.inc.c">
      <Filter>Source Files</Filter>
    </ClCompile>
    <ClCompile Include="src\game\behaviors\bubba.inc.c">
      <Filter>Source Files</Filter>
    </ClCompile>
    <ClCompile Include="src\game\behaviors\bubble.inc.c">
      <Filter>Source Files</Filter>
    </ClCompile>
    <ClCompile Include="src\game\behaviors\bullet_bill.inc.c">
      <Filter>Source Files</Filter>
    </ClCompile>
    <ClCompile Include="src\game\behaviors\bully.inc.c">
      <Filter>Source Files</Filter>
    </ClCompile>
    <ClCompile Include="src\game\behaviors\butterfly.inc.c">
      <Filter>Source Files</Filter>
    </ClCompile>
    <ClCompile Include="src\game\behaviors\camera_lakitu.inc.c">
      <Filter>Source Files</Filter>
    </ClCompile>
    <ClCompile Include="src\game\behaviors\cannon.inc.c">
      <Filter>Source Files</Filter>
    </ClCompile>
    <ClCompile Include="src\game\behaviors\cannon_door.inc.c">
      <Filter>Source Files</Filter>
    </ClCompile>
    <ClCompile Include="src\game\behaviors\cap.inc.c">
      <Filter>Source Files</Filter>
    </ClCompile>
    <ClCompile Include="src\game\behaviors\capswitch.inc.c">
      <Filter>Source Files</Filter>
    </ClCompile>
    <ClCompile Include="src\game\behaviors\castle_cannon_grate.inc.c">
      <Filter>Source Files</Filter>
    </ClCompile>
    <ClCompile Include="src\game\behaviors\castle_flag.inc.c">
      <Filter>Source Files</Filter>
    </ClCompile>
    <ClCompile Include="src\game\behaviors\castle_floor_trap.inc.c">
      <Filter>Source Files</Filter>
    </ClCompile>
    <ClCompile Include="src\game\behaviors\celebration_star.inc.c">
      <Filter>Source Files</Filter>
    </ClCompile>
    <ClCompile Include="src\game\behaviors\chain_chomp.inc.c">
      <Filter>Source Files</Filter>
    </ClCompile>
    <ClCompile Include="src\game\behaviors\checkerboard_platform.inc.c">
      <Filter>Source Files</Filter>
    </ClCompile>
    <ClCompile Include="src\game\behaviors\chuckya.inc.c">
      <Filter>Source Files</Filter>
    </ClCompile>
    <ClCompile Include="src\game\behaviors\clam.inc.c">
      <Filter>Source Files</Filter>
    </ClCompile>
    <ClCompile Include="src\game\behaviors\clock_arm.inc.c">
      <Filter>Source Files</Filter>
    </ClCompile>
    <ClCompile Include="src\game\behaviors\cloud.inc.c">
      <Filter>Source Files</Filter>
    </ClCompile>
    <ClCompile Include="src\game\behaviors\coffin.inc.c">
      <Filter>Source Files</Filter>
    </ClCompile>
    <ClCompile Include="src\game\behaviors\coin.inc.c">
      <Filter>Source Files</Filter>
    </ClCompile>
    <ClCompile Include="src\game\behaviors\collide_particles.inc.c">
      <Filter>Source Files</Filter>
    </ClCompile>
    <ClCompile Include="src\game\behaviors\controllable_platform.inc.c">
      <Filter>Source Files</Filter>
    </ClCompile>
    <ClCompile Include="src\game\behaviors\corkbox.inc.c">
      <Filter>Source Files</Filter>
    </ClCompile>
    <ClCompile Include="src\game\behaviors\cruiser.inc.c">
      <Filter>Source Files</Filter>
    </ClCompile>
    <ClCompile Include="src\game\behaviors\ddd_pole.inc.c">
      <Filter>Source Files</Filter>
    </ClCompile>
    <ClCompile Include="src\game\behaviors\ddd_sub.inc.c">
      <Filter>Source Files</Filter>
    </ClCompile>
    <ClCompile Include="src\game\behaviors\ddd_warp.inc.c">
      <Filter>Source Files</Filter>
    </ClCompile>
    <ClCompile Include="src\game\behaviors\decorative_pendulum.inc.c">
      <Filter>Source Files</Filter>
    </ClCompile>
    <ClCompile Include="src\game\behaviors\donut_platform.inc.c">
      <Filter>Source Files</Filter>
    </ClCompile>
    <ClCompile Include="src\game\behaviors\door.inc.c">
      <Filter>Source Files</Filter>
    </ClCompile>
    <ClCompile Include="src\game\behaviors\dorrie.inc.c">
      <Filter>Source Files</Filter>
    </ClCompile>
    <ClCompile Include="src\game\behaviors\drawbridge.inc.c">
      <Filter>Source Files</Filter>
    </ClCompile>
    <ClCompile Include="src\game\behaviors\elevator.inc.c">
      <Filter>Source Files</Filter>
    </ClCompile>
    <ClCompile Include="src\game\behaviors\end_birds_1.inc.c">
      <Filter>Source Files</Filter>
    </ClCompile>
    <ClCompile Include="src\game\behaviors\end_birds_2.inc.c">
      <Filter>Source Files</Filter>
    </ClCompile>
    <ClCompile Include="src\game\behaviors\enemy_lakitu.inc.c">
      <Filter>Source Files</Filter>
    </ClCompile>
    <ClCompile Include="src\game\behaviors\exclamation_box.inc.c">
      <Filter>Source Files</Filter>
    </ClCompile>
    <ClCompile Include="src\game\behaviors\explosion.inc.c">
      <Filter>Source Files</Filter>
    </ClCompile>
    <ClCompile Include="src\game\behaviors\express_elevator.inc.c">
      <Filter>Source Files</Filter>
    </ClCompile>
    <ClCompile Include="src\game\behaviors\eyerok.inc.c">
      <Filter>Source Files</Filter>
    </ClCompile>
    <ClCompile Include="src\game\behaviors\falling_pillar.inc.c">
      <Filter>Source Files</Filter>
    </ClCompile>
    <ClCompile Include="src\game\behaviors\falling_rising_platform.inc.c">
      <Filter>Source Files</Filter>
    </ClCompile>
    <ClCompile Include="src\game\behaviors\ferris_wheel.inc.c">
      <Filter>Source Files</Filter>
    </ClCompile>
    <ClCompile Include="src\game\behaviors\fire_piranha_plant.inc.c">
      <Filter>Source Files</Filter>
    </ClCompile>
    <ClCompile Include="src\game\behaviors\fire_spitter.inc.c">
      <Filter>Source Files</Filter>
    </ClCompile>
    <ClCompile Include="src\game\behaviors\fish.inc.c">
      <Filter>Source Files</Filter>
    </ClCompile>
    <ClCompile Include="src\game\behaviors\fishing_boo.inc.c">
      <Filter>Source Files</Filter>
    </ClCompile>
    <ClCompile Include="src\game\behaviors\flame.inc.c">
      <Filter>Source Files</Filter>
    </ClCompile>
    <ClCompile Include="src\game\behaviors\flamethrower.inc.c">
      <Filter>Source Files</Filter>
    </ClCompile>
    <ClCompile Include="src\game\behaviors\flame_mario.inc.c">
      <Filter>Source Files</Filter>
    </ClCompile>
    <ClCompile Include="src\game\behaviors\floating_box.inc.c">
      <Filter>Source Files</Filter>
    </ClCompile>
    <ClCompile Include="src\game\behaviors\floating_platform.inc.c">
      <Filter>Source Files</Filter>
    </ClCompile>
    <ClCompile Include="src\game\behaviors\flying_bookend_switch.inc.c">
      <Filter>Source Files</Filter>
    </ClCompile>
    <ClCompile Include="src\game\behaviors\fly_guy.inc.c">
      <Filter>Source Files</Filter>
    </ClCompile>
    <ClCompile Include="src\game\behaviors\goomba.inc.c">
      <Filter>Source Files</Filter>
    </ClCompile>
    <ClCompile Include="src\game\behaviors\grand_star.inc.c">
      <Filter>Source Files</Filter>
    </ClCompile>
    <ClCompile Include="src\game\behaviors\grill_door.inc.c">
      <Filter>Source Files</Filter>
    </ClCompile>
    <ClCompile Include="src\game\behaviors\ground_particles.inc.c">
      <Filter>Source Files</Filter>
    </ClCompile>
    <ClCompile Include="src\game\behaviors\haunted_chair.inc.c">
      <Filter>Source Files</Filter>
    </ClCompile>
    <ClCompile Include="src\game\behaviors\heave_ho.inc.c">
      <Filter>Source Files</Filter>
    </ClCompile>
    <ClCompile Include="src\game\behaviors\hidden_star.inc.c">
      <Filter>Source Files</Filter>
    </ClCompile>
    <ClCompile Include="src\game\behaviors\hoot.inc.c">
      <Filter>Source Files</Filter>
    </ClCompile>
    <ClCompile Include="src\game\behaviors\horizontal_grindel.inc.c">
      <Filter>Source Files</Filter>
    </ClCompile>
    <ClCompile Include="src\game\behaviors\intro_lakitu.inc.c">
      <Filter>Source Files</Filter>
    </ClCompile>
    <ClCompile Include="src\game\behaviors\intro_peach.inc.c">
      <Filter>Source Files</Filter>
    </ClCompile>
    <ClCompile Include="src\game\behaviors\intro_scene.inc.c">
      <Filter>Source Files</Filter>
    </ClCompile>
    <ClCompile Include="src\game\behaviors\jrb_ship.inc.c">
      <Filter>Source Files</Filter>
    </ClCompile>
    <ClCompile Include="src\game\behaviors\jumping_box.inc.c">
      <Filter>Source Files</Filter>
    </ClCompile>
    <ClCompile Include="src\game\behaviors\kickable_board.inc.c">
      <Filter>Source Files</Filter>
    </ClCompile>
    <ClCompile Include="src\game\behaviors\king_bobomb.inc.c">
      <Filter>Source Files</Filter>
    </ClCompile>
    <ClCompile Include="src\game\behaviors\klepto.inc.c">
      <Filter>Source Files</Filter>
    </ClCompile>
    <ClCompile Include="src\game\behaviors\koopa.inc.c">
      <Filter>Source Files</Filter>
    </ClCompile>
    <ClCompile Include="src\game\behaviors\koopa_shell.inc.c">
      <Filter>Source Files</Filter>
    </ClCompile>
    <ClCompile Include="src\game\behaviors\koopa_shell_underwater.inc.c">
      <Filter>Source Files</Filter>
    </ClCompile>
    <ClCompile Include="src\game\behaviors\lll_floating_wood_piece.inc.c">
      <Filter>Source Files</Filter>
    </ClCompile>
    <ClCompile Include="src\game\behaviors\lll_hexagonal_ring.inc.c">
      <Filter>Source Files</Filter>
    </ClCompile>
    <ClCompile Include="src\game\behaviors\lll_octagonal_rotating_mesh.inc.c">
      <Filter>Source Files</Filter>
    </ClCompile>
    <ClCompile Include="src\game\behaviors\lll_rotating_hex_flame.inc.c">
      <Filter>Source Files</Filter>
    </ClCompile>
    <ClCompile Include="src\game\behaviors\lll_sinking_rectangle.inc.c">
      <Filter>Source Files</Filter>
    </ClCompile>
    <ClCompile Include="src\game\behaviors\lll_sinking_rock_block.inc.c">
      <Filter>Source Files</Filter>
    </ClCompile>
    <ClCompile Include="src\game\behaviors\lll_volcano_flames.inc.c">
      <Filter>Source Files</Filter>
    </ClCompile>
    <ClCompile Include="src\game\behaviors\mad_piano.inc.c">
      <Filter>Source Files</Filter>
    </ClCompile>
    <ClCompile Include="src\game\behaviors\manta_ray.inc.c">
      <Filter>Source Files</Filter>
    </ClCompile>
    <ClCompile Include="src\game\behaviors\metal_box.inc.c">
      <Filter>Source Files</Filter>
    </ClCompile>
    <ClCompile Include="src\game\behaviors\mips.inc.c">
      <Filter>Source Files</Filter>
    </ClCompile>
    <ClCompile Include="src\game\behaviors\moat_drainer.inc.c">
      <Filter>Source Files</Filter>
    </ClCompile>
    <ClCompile Include="src\game\behaviors\moat_grill.inc.c">
      <Filter>Source Files</Filter>
    </ClCompile>
    <ClCompile Include="src\game\behaviors\moneybag.inc.c">
      <Filter>Source Files</Filter>
    </ClCompile>
    <ClCompile Include="src\game\behaviors\monty_mole.inc.c">
      <Filter>Source Files</Filter>
    </ClCompile>
    <ClCompile Include="src\game\behaviors\moving_coin.inc.c">
      <Filter>Source Files</Filter>
    </ClCompile>
    <ClCompile Include="src\game\behaviors\mr_blizzard.inc.c">
      <Filter>Source Files</Filter>
    </ClCompile>
    <ClCompile Include="src\game\behaviors\mr_i.inc.c">
      <Filter>Source Files</Filter>
    </ClCompile>
    <ClCompile Include="src\game\behaviors\mushroom_1up.inc.c">
      <Filter>Source Files</Filter>
    </ClCompile>
    <ClCompile Include="src\game\behaviors\music_touch.inc.c">
      <Filter>Source Files</Filter>
    </ClCompile>
    <ClCompile Include="src\game\behaviors\orange_number.inc.c">
      <Filter>Source Files</Filter>
    </ClCompile>
    <ClCompile Include="src\game\behaviors\piranha_bubbles.inc.c">
      <Filter>Source Files</Filter>
    </ClCompile>
    <ClCompile Include="src\game\behaviors\piranha_plant.inc.c">
      <Filter>Source Files</Filter>
    </ClCompile>
    <ClCompile Include="src\game\behaviors\platform_on_track.inc.c">
      <Filter>Source Files</Filter>
    </ClCompile>
    <ClCompile Include="src\game\behaviors\pokey.inc.c">
      <Filter>Source Files</Filter>
    </ClCompile>
    <ClCompile Include="src\game\behaviors\pole.inc.c">
      <Filter>Source Files</Filter>
    </ClCompile>
    <ClCompile Include="src\game\behaviors\pole_base.inc.c">
      <Filter>Source Files</Filter>
    </ClCompile>
    <ClCompile Include="src\game\behaviors\purple_switch.inc.c">
      <Filter>Source Files</Filter>
    </ClCompile>
    <ClCompile Include="src\game\behaviors\pyramid_elevator.inc.c">
      <Filter>Source Files</Filter>
    </ClCompile>
    <ClCompile Include="src\game\behaviors\pyramid_top.inc.c">
      <Filter>Source Files</Filter>
    </ClCompile>
    <ClCompile Include="src\game\behaviors\pyramid_wall.inc.c">
      <Filter>Source Files</Filter>
    </ClCompile>
    <ClCompile Include="src\game\behaviors\racing_penguin.inc.c">
      <Filter>Source Files</Filter>
    </ClCompile>
    <ClCompile Include="src\game\behaviors\recovery_heart.inc.c">
      <Filter>Source Files</Filter>
    </ClCompile>
    <ClCompile Include="src\game\behaviors\reds_star_marker.inc.c">
      <Filter>Source Files</Filter>
    </ClCompile>
    <ClCompile Include="src\game\behaviors\red_coin.inc.c">
      <Filter>Source Files</Filter>
    </ClCompile>
    <ClCompile Include="src\game\behaviors\rolling_log.inc.c">
      <Filter>Source Files</Filter>
    </ClCompile>
    <ClCompile Include="src\game\behaviors\rotating_octagonal_plat.inc.c">
      <Filter>Source Files</Filter>
    </ClCompile>
    <ClCompile Include="src\game\behaviors\rotating_platform.inc.c">
      <Filter>Source Files</Filter>
    </ClCompile>
    <ClCompile Include="src\game\behaviors\scuttlebug.inc.c">
      <Filter>Source Files</Filter>
    </ClCompile>
    <ClCompile Include="src\game\behaviors\seaweed.inc.c">
      <Filter>Source Files</Filter>
    </ClCompile>
    <ClCompile Include="src\game\behaviors\seesaw_platform.inc.c">
      <Filter>Source Files</Filter>
    </ClCompile>
    <ClCompile Include="src\game\behaviors\shock_wave.inc.c">
      <Filter>Source Files</Filter>
    </ClCompile>
    <ClCompile Include="src\game\behaviors\skeeter.inc.c">
      <Filter>Source Files</Filter>
    </ClCompile>
    <ClCompile Include="src\game\behaviors\sliding_platform.inc.c">
      <Filter>Source Files</Filter>
    </ClCompile>
    <ClCompile Include="src\game\behaviors\sliding_platform_2.inc.c">
      <Filter>Source Files</Filter>
    </ClCompile>
    <ClCompile Include="src\game\behaviors\sl_snowman_wind.inc.c">
      <Filter>Source Files</Filter>
    </ClCompile>
    <ClCompile Include="src\game\behaviors\sl_walking_penguin.inc.c">
      <Filter>Source Files</Filter>
    </ClCompile>
    <ClCompile Include="src\game\behaviors\snowman.inc.c">
      <Filter>Source Files</Filter>
    </ClCompile>
    <ClCompile Include="src\game\behaviors\snow_mound.inc.c">
      <Filter>Source Files</Filter>
    </ClCompile>
    <ClCompile Include="src\game\behaviors\snufit.inc.c">
      <Filter>Source Files</Filter>
    </ClCompile>
    <ClCompile Include="src\game\behaviors\sound_ambient.inc.c">
      <Filter>Source Files</Filter>
    </ClCompile>
    <ClCompile Include="src\game\behaviors\sound_birds.inc.c">
      <Filter>Source Files</Filter>
    </ClCompile>
    <ClCompile Include="src\game\behaviors\sound_sand.inc.c">
      <Filter>Source Files</Filter>
    </ClCompile>
    <ClCompile Include="src\game\behaviors\sound_spawner.inc.c">
      <Filter>Source Files</Filter>
    </ClCompile>
    <ClCompile Include="src\game\behaviors\sound_volcano.inc.c">
      <Filter>Source Files</Filter>
    </ClCompile>
    <ClCompile Include="src\game\behaviors\sound_waterfall.inc.c">
      <Filter>Source Files</Filter>
    </ClCompile>
    <ClCompile Include="src\game\behaviors\sparkle_spawn.inc.c">
      <Filter>Source Files</Filter>
    </ClCompile>
    <ClCompile Include="src\game\behaviors\sparkle_spawn_star.inc.c">
      <Filter>Source Files</Filter>
    </ClCompile>
    <ClCompile Include="src\game\behaviors\spawn_star.inc.c">
      <Filter>Source Files</Filter>
    </ClCompile>
    <ClCompile Include="src\game\behaviors\spawn_star_exit.inc.c">
      <Filter>Source Files</Filter>
    </ClCompile>
    <ClCompile Include="src\game\behaviors\spindel.inc.c">
      <Filter>Source Files</Filter>
    </ClCompile>
    <ClCompile Include="src\game\behaviors\spindrift.inc.c">
      <Filter>Source Files</Filter>
    </ClCompile>
    <ClCompile Include="src\game\behaviors\spiny.inc.c">
      <Filter>Source Files</Filter>
    </ClCompile>
    <ClCompile Include="src\game\behaviors\square_platform_cycle.inc.c">
      <Filter>Source Files</Filter>
    </ClCompile>
    <ClCompile Include="src\game\behaviors\star_door.inc.c">
      <Filter>Source Files</Filter>
    </ClCompile>
    <ClCompile Include="src\game\behaviors\static_checkered_platform.inc.c">
      <Filter>Source Files</Filter>
    </ClCompile>
    <ClCompile Include="src\game\behaviors\strong_wind_particle.inc.c">
      <Filter>Source Files</Filter>
    </ClCompile>
    <ClCompile Include="src\game\behaviors\sushi.inc.c">
      <Filter>Source Files</Filter>
    </ClCompile>
    <ClCompile Include="src\game\behaviors\swing_platform.inc.c">
      <Filter>Source Files</Filter>
    </ClCompile>
    <ClCompile Include="src\game\behaviors\switch_hidden_objects.inc.c">
      <Filter>Source Files</Filter>
    </ClCompile>
    <ClCompile Include="src\game\behaviors\swoop.inc.c">
      <Filter>Source Files</Filter>
    </ClCompile>
    <ClCompile Include="src\game\behaviors\thi_top.inc.c">
      <Filter>Source Files</Filter>
    </ClCompile>
    <ClCompile Include="src\game\behaviors\thwomp.inc.c">
      <Filter>Source Files</Filter>
    </ClCompile>
    <ClCompile Include="src\game\behaviors\tilting_inverted_pyramid.inc.c">
      <Filter>Source Files</Filter>
    </ClCompile>
    <ClCompile Include="src\game\behaviors\tower_door.inc.c">
      <Filter>Source Files</Filter>
    </ClCompile>
    <ClCompile Include="src\game\behaviors\tower_platform.inc.c">
      <Filter>Source Files</Filter>
    </ClCompile>
    <ClCompile Include="src\game\behaviors\tox_box.inc.c">
      <Filter>Source Files</Filter>
    </ClCompile>
    <ClCompile Include="src\game\behaviors\treasure_chest.inc.c">
      <Filter>Source Files</Filter>
    </ClCompile>
    <ClCompile Include="src\game\behaviors\tree_particles.inc.c">
      <Filter>Source Files</Filter>
    </ClCompile>
    <ClCompile Include="src\game\behaviors\triplet_butterfly.inc.c">
      <Filter>Source Files</Filter>
    </ClCompile>
    <ClCompile Include="src\game\behaviors\ttc_2d_rotator.inc.c">
      <Filter>Source Files</Filter>
    </ClCompile>
    <ClCompile Include="src\game\behaviors\ttc_cog.inc.c">
      <Filter>Source Files</Filter>
    </ClCompile>
    <ClCompile Include="src\game\behaviors\ttc_elevator.inc.c">
      <Filter>Source Files</Filter>
    </ClCompile>
    <ClCompile Include="src\game\behaviors\ttc_moving_bar.inc.c">
      <Filter>Source Files</Filter>
    </ClCompile>
    <ClCompile Include="src\game\behaviors\ttc_pendulum.inc.c">
      <Filter>Source Files</Filter>
    </ClCompile>
    <ClCompile Include="src\game\behaviors\ttc_pit_block.inc.c">
      <Filter>Source Files</Filter>
    </ClCompile>
    <ClCompile Include="src\game\behaviors\ttc_rotating_solid.inc.c">
      <Filter>Source Files</Filter>
    </ClCompile>
    <ClCompile Include="src\game\behaviors\ttc_spinner.inc.c">
      <Filter>Source Files</Filter>
    </ClCompile>
    <ClCompile Include="src\game\behaviors\ttc_treadmill.inc.c">
      <Filter>Source Files</Filter>
    </ClCompile>
    <ClCompile Include="src\game\behaviors\tumbling_bridge.inc.c">
      <Filter>Source Files</Filter>
    </ClCompile>
    <ClCompile Include="src\game\behaviors\tuxie.inc.c">
      <Filter>Source Files</Filter>
    </ClCompile>
    <ClCompile Include="src\game\behaviors\tweester.inc.c">
      <Filter>Source Files</Filter>
    </ClCompile>
    <ClCompile Include="src\game\behaviors\ukiki.inc.c">
      <Filter>Source Files</Filter>
    </ClCompile>
    <ClCompile Include="src\game\behaviors\ukiki_cage.inc.c">
      <Filter>Source Files</Filter>
    </ClCompile>
    <ClCompile Include="src\game\behaviors\unagi.inc.c">
      <Filter>Source Files</Filter>
    </ClCompile>
    <ClCompile Include="src\game\behaviors\unused_particle_spawn.inc.c">
      <Filter>Source Files</Filter>
    </ClCompile>
    <ClCompile Include="src\game\behaviors\unused_poundable_platform.inc.c">
      <Filter>Source Files</Filter>
    </ClCompile>
    <ClCompile Include="src\game\behaviors\warp.inc.c">
      <Filter>Source Files</Filter>
    </ClCompile>
    <ClCompile Include="src\game\behaviors\water_bomb.inc.c">
      <Filter>Source Files</Filter>
    </ClCompile>
    <ClCompile Include="src\game\behaviors\water_bomb_cannon.inc.c">
      <Filter>Source Files</Filter>
    </ClCompile>
    <ClCompile Include="src\game\behaviors\water_mist.inc.c">
      <Filter>Source Files</Filter>
    </ClCompile>
    <ClCompile Include="src\game\behaviors\water_mist_particle.inc.c">
      <Filter>Source Files</Filter>
    </ClCompile>
    <ClCompile Include="src\game\behaviors\water_objs.inc.c">
      <Filter>Source Files</Filter>
    </ClCompile>
    <ClCompile Include="src\game\behaviors\water_pillar.inc.c">
      <Filter>Source Files</Filter>
    </ClCompile>
    <ClCompile Include="src\game\behaviors\water_ring.inc.c">
      <Filter>Source Files</Filter>
    </ClCompile>
    <ClCompile Include="src\game\behaviors\water_splashes_and_waves.inc.c">
      <Filter>Source Files</Filter>
    </ClCompile>
    <ClCompile Include="src\game\behaviors\water_wave.inc.c">
      <Filter>Source Files</Filter>
    </ClCompile>
    <ClCompile Include="src\game\behaviors\wdw_water_level.inc.c">
      <Filter>Source Files</Filter>
    </ClCompile>
    <ClCompile Include="src\game\behaviors\whirlpool.inc.c">
      <Filter>Source Files</Filter>
    </ClCompile>
    <ClCompile Include="src\game\behaviors\white_puff.inc.c">
      <Filter>Source Files</Filter>
    </ClCompile>
    <ClCompile Include="src\game\behaviors\white_puff_explode.inc.c">
      <Filter>Source Files</Filter>
    </ClCompile>
    <ClCompile Include="src\game\behaviors\whomp.inc.c">
      <Filter>Source Files</Filter>
    </ClCompile>
    <ClCompile Include="src\game\behaviors\wiggler.inc.c">
      <Filter>Source Files</Filter>
    </ClCompile>
    <ClCompile Include="src\game\behaviors\wind.inc.c">
      <Filter>Source Files</Filter>
    </ClCompile>
    <ClCompile Include="src\game\behaviors\yoshi.inc.c">
      <Filter>Source Files</Filter>
    </ClCompile>
    <ClCompile Include="src\goddard\debug_utils.c">
      <Filter>Source Files</Filter>
    </ClCompile>
    <ClCompile Include="src\goddard\draw_objects.c">
      <Filter>Source Files</Filter>
    </ClCompile>
    <ClCompile Include="src\goddard\dynlist_proc.c">
      <Filter>Source Files</Filter>
    </ClCompile>
    <ClCompile Include="src\goddard\gd_main.c">
      <Filter>Source Files</Filter>
    </ClCompile>
    <ClCompile Include="src\goddard\gd_math.c">
      <Filter>Source Files</Filter>
    </ClCompile>
    <ClCompile Include="src\goddard\gd_memory.c">
      <Filter>Source Files</Filter>
    </ClCompile>
    <ClCompile Include="src\goddard\joints.c">
      <Filter>Source Files</Filter>
    </ClCompile>
    <ClCompile Include="src\goddard\objects.c">
      <Filter>Source Files</Filter>
    </ClCompile>
    <ClCompile Include="src\goddard\old_menu.c">
      <Filter>Source Files</Filter>
    </ClCompile>
    <ClCompile Include="src\goddard\particles.c">
      <Filter>Source Files</Filter>
    </ClCompile>
    <ClCompile Include="src\goddard\renderer.c">
      <Filter>Source Files</Filter>
    </ClCompile>
    <ClCompile Include="src\goddard\sfx.c">
      <Filter>Source Files</Filter>
    </ClCompile>
    <ClCompile Include="src\goddard\shape_helper.c">
      <Filter>Source Files</Filter>
    </ClCompile>
    <ClCompile Include="src\goddard\skin.c">
      <Filter>Source Files</Filter>
    </ClCompile>
    <ClCompile Include="src\goddard\skin_movement.c">
      <Filter>Source Files</Filter>
    </ClCompile>
    <ClCompile Include="src\goddard\dynlists\anim_group_1.c">
      <Filter>Source Files</Filter>
    </ClCompile>
    <ClCompile Include="src\goddard\dynlists\anim_group_2.c">
      <Filter>Source Files</Filter>
    </ClCompile>
    <ClCompile Include="src\goddard\dynlists\anim_mario_eyebrows_1.c">
      <Filter>Source Files</Filter>
    </ClCompile>
    <ClCompile Include="src\goddard\dynlists\anim_mario_lips_1.c">
      <Filter>Source Files</Filter>
    </ClCompile>
    <ClCompile Include="src\goddard\dynlists\anim_mario_lips_2.c">
      <Filter>Source Files</Filter>
    </ClCompile>
    <ClCompile Include="src\goddard\dynlists\anim_mario_mustache_left.c">
      <Filter>Source Files</Filter>
    </ClCompile>
    <ClCompile Include="src\goddard\dynlists\anim_mario_mustache_right.c">
      <Filter>Source Files</Filter>
    </ClCompile>
    <ClCompile Include="src\goddard\dynlists\dynlists_mario_eyebrows_mustache.c">
      <Filter>Source Files</Filter>
    </ClCompile>
    <ClCompile Include="src\goddard\dynlists\dynlists_mario_eyes.c">
      <Filter>Source Files</Filter>
    </ClCompile>
    <ClCompile Include="src\goddard\dynlists\dynlist_mario_face.c">
      <Filter>Source Files</Filter>
    </ClCompile>
    <ClCompile Include="src\goddard\dynlists\dynlist_mario_master.c">
      <Filter>Source Files</Filter>
    </ClCompile>
    <ClCompile Include="src\goddard\dynlists\dynlist_test_cube.c">
      <Filter>Source Files</Filter>
    </ClCompile>
    <ClCompile Include="src\goddard\dynlists\dynlist_unused.c">
      <Filter>Source Files</Filter>
    </ClCompile>
    <ClCompile Include="src\menu\file_select.c">
      <Filter>Source Files</Filter>
    </ClCompile>
    <ClCompile Include="src\menu\intro_geo.c">
      <Filter>Source Files</Filter>
    </ClCompile>
    <ClCompile Include="src\menu\level_select_menu.c">
      <Filter>Source Files</Filter>
    </ClCompile>
    <ClCompile Include="src\menu\star_select.c">
      <Filter>Source Files</Filter>
    </ClCompile>
    <ClCompile Include="src\pc\cheats.c">
      <Filter>Source Files</Filter>
    </ClCompile>
    <ClCompile Include="src\pc\cliopts.c">
      <Filter>Source Files</Filter>
    </ClCompile>
    <ClCompile Include="src\pc\configfile.c">
      <Filter>Source Files</Filter>
    </ClCompile>
    <ClCompile Include="src\pc\ini.c">
      <Filter>Source Files</Filter>
    </ClCompile>
    <ClCompile Include="src\pc\mixer.c">
      <Filter>Source Files</Filter>
    </ClCompile>
    <ClCompile Include="src\pc\pc_main.c">
      <Filter>Source Files</Filter>
    </ClCompile>
    <ClCompile Include="src\pc\platform.c">
      <Filter>Source Files</Filter>
    </ClCompile>
    <ClCompile Include="src\pc\ultra_reimplementation.c">
      <Filter>Source Files</Filter>
    </ClCompile>
    <ClCompile Include="src\pc\audio\audio_null.c">
      <Filter>Source Files</Filter>
    </ClCompile>
    <ClCompile Include="src\pc\audio\audio_sdl1.c">
      <Filter>Source Files</Filter>
    </ClCompile>
    <ClCompile Include="src\pc\audio\audio_sdl2.c">
      <Filter>Source Files</Filter>
    </ClCompile>
    <ClCompile Include="src\pc\controller\controller_emscripten_keyboard.c">
      <Filter>Source Files</Filter>
    </ClCompile>
    <ClCompile Include="src\pc\controller\controller_entry_point.c">
      <Filter>Source Files</Filter>
    </ClCompile>
    <ClCompile Include="src\pc\controller\controller_keyboard.c">
      <Filter>Source Files</Filter>
    </ClCompile>
    <ClCompile Include="src\pc\controller\controller_recorded_tas.c">
      <Filter>Source Files</Filter>
    </ClCompile>
    <ClCompile Include="src\pc\controller\controller_sdl1.c">
      <Filter>Source Files</Filter>
    </ClCompile>
    <ClCompile Include="src\pc\controller\controller_sdl2.c">
      <Filter>Source Files</Filter>
    </ClCompile>
    <ClCompile Include="src\pc\discord\discordrpc.c">
      <Filter>Source Files</Filter>
    </ClCompile>
    <ClCompile Include="src\pc\fs\dirtree.c">
      <Filter>Source Files</Filter>
    </ClCompile>
    <ClCompile Include="src\pc\fs\fs.c">
      <Filter>Source Files</Filter>
    </ClCompile>
    <ClCompile Include="src\pc\fs\fs_packtype_dir.c">
      <Filter>Source Files</Filter>
    </ClCompile>
    <ClCompile Include="src\pc\fs\fs_packtype_zip.c">
      <Filter>Source Files</Filter>
    </ClCompile>
    <ClCompile Include="src\pc\gfx\gfx_direct3d11.cpp">
      <Filter>Source Files</Filter>
    </ClCompile>
    <ClCompile Include="src\pc\gfx\gfx_direct3d12.cpp">
      <Filter>Source Files</Filter>
    </ClCompile>
    <ClCompile Include="src\pc\gfx\gfx_direct3d_common.cpp">
      <Filter>Source Files</Filter>
    </ClCompile>
    <ClCompile Include="src\pc\gfx\gfx_dxgi.cpp">
      <Filter>Source Files</Filter>
    </ClCompile>
    <ClCompile Include="src\pc\gfx\gfx_cc.c">
      <Filter>Source Files</Filter>
    </ClCompile>
    <ClCompile Include="src\pc\gfx\gfx_opengl.c">
      <Filter>Source Files</Filter>
    </ClCompile>
    <ClCompile Include="src\pc\gfx\gfx_opengl_legacy.c">
      <Filter>Source Files</Filter>
    </ClCompile>
    <ClCompile Include="src\pc\gfx\gfx_pc.c">
      <Filter>Source Files</Filter>
    </ClCompile>
    <ClCompile Include="src\pc\gfx\gfx_sdl1.c">
      <Filter>Source Files</Filter>
    </ClCompile>
    <ClCompile Include="src\pc\gfx\gfx_sdl2.c">
      <Filter>Source Files</Filter>
    </ClCompile>
    <ClCompile Include="include\trig_tables.inc.c">
      <Filter>Source Files</Filter>
    </ClCompile>
  </ItemGroup>
  <ItemGroup>
    <ClInclude Include="src\sm64ap.h">
      <Filter>Header Files</Filter>
    </ClInclude>
    <ClInclude Include="src\audio\data.h">
      <Filter>Header Files</Filter>
    </ClInclude>
    <ClInclude Include="src\audio\effects.h">
      <Filter>Header Files</Filter>
    </ClInclude>
    <ClInclude Include="src\audio\external.h">
      <Filter>Header Files</Filter>
    </ClInclude>
    <ClInclude Include="src\audio\heap.h">
      <Filter>Header Files</Filter>
    </ClInclude>
    <ClInclude Include="src\audio\internal.h">
      <Filter>Header Files</Filter>
    </ClInclude>
    <ClInclude Include="src\audio\load.h">
      <Filter>Header Files</Filter>
    </ClInclude>
    <ClInclude Include="src\audio\playback.h">
      <Filter>Header Files</Filter>
    </ClInclude>
    <ClInclude Include="src\audio\seqplayer.h">
      <Filter>Header Files</Filter>
    </ClInclude>
    <ClInclude Include="src\audio\seq_channel_layer_process_script.h">
      <Filter>Header Files</Filter>
    </ClInclude>
    <ClInclude Include="src\audio\synthesis.h">
      <Filter>Header Files</Filter>
    </ClInclude>
    <ClInclude Include="src\buffers\buffers.h">
      <Filter>Header Files</Filter>
    </ClInclude>
    <ClInclude Include="src\buffers\framebuffers.h">
      <Filter>Header Files</Filter>
    </ClInclude>
    <ClInclude Include="src\buffers\gfx_output_buffer.h">
      <Filter>Header Files</Filter>
    </ClInclude>
    <ClInclude Include="src\buffers\zbuffer.h">
      <Filter>Header Files</Filter>
    </ClInclude>
    <ClInclude Include="src\engine\behavior_script.h">
      <Filter>Header Files</Filter>
    </ClInclude>
    <ClInclude Include="src\engine\geo_layout.h">
      <Filter>Header Files</Filter>
    </ClInclude>
    <ClInclude Include="src\engine\graph_node.h">
      <Filter>Header Files</Filter>
    </ClInclude>
    <ClInclude Include="src\engine\level_script.h">
      <Filter>Header Files</Filter>
    </ClInclude>
    <ClInclude Include="src\engine\math_util.h">
      <Filter>Header Files</Filter>
    </ClInclude>
    <ClInclude Include="src\engine\surface_collision.h">
      <Filter>Header Files</Filter>
    </ClInclude>
    <ClInclude Include="src\engine\surface_load.h">
      <Filter>Header Files</Filter>
    </ClInclude>
    <ClInclude Include="src\game\area.h">
      <Filter>Header Files</Filter>
    </ClInclude>
    <ClInclude Include="src\game\behavior_actions.h">
      <Filter>Header Files</Filter>
    </ClInclude>
    <ClInclude Include="src\game\bettercamera.h">
      <Filter>Header Files</Filter>
    </ClInclude>
    <ClInclude Include="src\game\bettercamera.inc.h">
      <Filter>Header Files</Filter>
    </ClInclude>
    <ClInclude Include="src\game\camera.h">
      <Filter>Header Files</Filter>
    </ClInclude>
    <ClInclude Include="src\game\debug.h">
      <Filter>Header Files</Filter>
    </ClInclude>
    <ClInclude Include="src\game\debug_course.h">
      <Filter>Header Files</Filter>
    </ClInclude>
    <ClInclude Include="src\game\decompress.h">
      <Filter>Header Files</Filter>
    </ClInclude>
    <ClInclude Include="src\game\display.h">
      <Filter>Header Files</Filter>
    </ClInclude>
    <ClInclude Include="src\game\envfx_bubbles.h">
      <Filter>Header Files</Filter>
    </ClInclude>
    <ClInclude Include="src\game\envfx_snow.h">
      <Filter>Header Files</Filter>
    </ClInclude>
    <ClInclude Include="src\game\game_init.h">
      <Filter>Header Files</Filter>
    </ClInclude>
    <ClInclude Include="src\game\geo_misc.h">
      <Filter>Header Files</Filter>
    </ClInclude>
    <ClInclude Include="src\game\hud.h">
      <Filter>Header Files</Filter>
    </ClInclude>
    <ClInclude Include="src\game\ingame_menu.h">
      <Filter>Header Files</Filter>
    </ClInclude>
    <ClInclude Include="src\game\interaction.h">
      <Filter>Header Files</Filter>
    </ClInclude>
    <ClInclude Include="src\game\level_geo.h">
      <Filter>Header Files</Filter>
    </ClInclude>
    <ClInclude Include="src\game\level_update.h">
      <Filter>Header Files</Filter>
    </ClInclude>
    <ClInclude Include="src\game\macro_special_objects.h">
      <Filter>Header Files</Filter>
    </ClInclude>
    <ClInclude Include="src\game\main.h">
      <Filter>Header Files</Filter>
    </ClInclude>
    <ClInclude Include="src\game\mario.h">
      <Filter>Header Files</Filter>
    </ClInclude>
    <ClInclude Include="src\game\mario_actions_airborne.h">
      <Filter>Header Files</Filter>
    </ClInclude>
    <ClInclude Include="src\game\mario_actions_automatic.h">
      <Filter>Header Files</Filter>
    </ClInclude>
    <ClInclude Include="src\game\mario_actions_cutscene.h">
      <Filter>Header Files</Filter>
    </ClInclude>
    <ClInclude Include="src\game\mario_actions_moving.h">
      <Filter>Header Files</Filter>
    </ClInclude>
    <ClInclude Include="src\game\mario_actions_object.h">
      <Filter>Header Files</Filter>
    </ClInclude>
    <ClInclude Include="src\game\mario_actions_stationary.h">
      <Filter>Header Files</Filter>
    </ClInclude>
    <ClInclude Include="src\game\mario_actions_submerged.h">
      <Filter>Header Files</Filter>
    </ClInclude>
    <ClInclude Include="src\game\mario_misc.h">
      <Filter>Header Files</Filter>
    </ClInclude>
    <ClInclude Include="src\game\mario_step.h">
      <Filter>Header Files</Filter>
    </ClInclude>
    <ClInclude Include="src\game\memory.h">
      <Filter>Header Files</Filter>
    </ClInclude>
    <ClInclude Include="src\game\moving_texture.h">
      <Filter>Header Files</Filter>
    </ClInclude>
    <ClInclude Include="src\game\object_collision.h">
      <Filter>Header Files</Filter>
    </ClInclude>
    <ClInclude Include="src\game\object_helpers.h">
      <Filter>Header Files</Filter>
    </ClInclude>
    <ClInclude Include="src\game\object_list_processor.h">
      <Filter>Header Files</Filter>
    </ClInclude>
    <ClInclude Include="src\game\obj_behaviors.h">
      <Filter>Header Files</Filter>
    </ClInclude>
    <ClInclude Include="src\game\obj_behaviors_2.h">
      <Filter>Header Files</Filter>
    </ClInclude>
    <ClInclude Include="src\game\options_menu.h">
      <Filter>Header Files</Filter>
    </ClInclude>
    <ClInclude Include="src\game\paintings.h">
      <Filter>Header Files</Filter>
    </ClInclude>
    <ClInclude Include="src\game\platform_displacement.h">
      <Filter>Header Files</Filter>
    </ClInclude>
    <ClInclude Include="src\game\print.h">
      <Filter>Header Files</Filter>
    </ClInclude>
    <ClInclude Include="src\game\profiler.h">
      <Filter>Header Files</Filter>
    </ClInclude>
    <ClInclude Include="src\game\rendering_graph_node.h">
      <Filter>Header Files</Filter>
    </ClInclude>
    <ClInclude Include="src\game\save_file.h">
      <Filter>Header Files</Filter>
    </ClInclude>
    <ClInclude Include="src\game\screen_transition.h">
      <Filter>Header Files</Filter>
    </ClInclude>
    <ClInclude Include="src\game\segment2.h">
      <Filter>Header Files</Filter>
    </ClInclude>
    <ClInclude Include="src\game\segment7.h">
      <Filter>Header Files</Filter>
    </ClInclude>
    <ClInclude Include="src\game\shadow.h">
      <Filter>Header Files</Filter>
    </ClInclude>
    <ClInclude Include="src\game\skybox.h">
      <Filter>Header Files</Filter>
    </ClInclude>
    <ClInclude Include="src\game\sound_init.h">
      <Filter>Header Files</Filter>
    </ClInclude>
    <ClInclude Include="src\game\spawn_object.h">
      <Filter>Header Files</Filter>
    </ClInclude>
    <ClInclude Include="src\game\spawn_sound.h">
      <Filter>Header Files</Filter>
    </ClInclude>
    <ClInclude Include="src\game\text_save.inc.h">
      <Filter>Header Files</Filter>
    </ClInclude>
    <ClInclude Include="src\game\thread6.h">
      <Filter>Header Files</Filter>
    </ClInclude>
    <ClInclude Include="src\goddard\bad_declarations.h">
      <Filter>Header Files</Filter>
    </ClInclude>
    <ClInclude Include="src\goddard\debug_utils.h">
      <Filter>Header Files</Filter>
    </ClInclude>
    <ClInclude Include="src\goddard\draw_objects.h">
      <Filter>Header Files</Filter>
    </ClInclude>
    <ClInclude Include="src\goddard\dynlist_proc.h">
      <Filter>Header Files</Filter>
    </ClInclude>
    <ClInclude Include="src\goddard\gd_macros.h">
      <Filter>Header Files</Filter>
    </ClInclude>
    <ClInclude Include="src\goddard\gd_main.h">
      <Filter>Header Files</Filter>
    </ClInclude>
    <ClInclude Include="src\goddard\gd_math.h">
      <Filter>Header Files</Filter>
    </ClInclude>
    <ClInclude Include="src\goddard\gd_memory.h">
      <Filter>Header Files</Filter>
    </ClInclude>
    <ClInclude Include="src\goddard\gd_types.h">
      <Filter>Header Files</Filter>
    </ClInclude>
    <ClInclude Include="src\goddard\joints.h">
      <Filter>Header Files</Filter>
    </ClInclude>
    <ClInclude Include="src\goddard\objects.h">
      <Filter>Header Files</Filter>
    </ClInclude>
    <ClInclude Include="src\goddard\old_menu.h">
      <Filter>Header Files</Filter>
    </ClInclude>
    <ClInclude Include="src\goddard\particles.h">
      <Filter>Header Files</Filter>
    </ClInclude>
    <ClInclude Include="src\goddard\renderer.h">
      <Filter>Header Files</Filter>
    </ClInclude>
    <ClInclude Include="src\goddard\sfx.h">
      <Filter>Header Files</Filter>
    </ClInclude>
    <ClInclude Include="src\goddard\shape_helper.h">
      <Filter>Header Files</Filter>
    </ClInclude>
    <ClInclude Include="src\goddard\skin.h">
      <Filter>Header Files</Filter>
    </ClInclude>
    <ClInclude Include="src\goddard\skin_movement.h">
      <Filter>Header Files</Filter>
    </ClInclude>
    <ClInclude Include="src\goddard\dynlists\animdata.h">
      <Filter>Header Files</Filter>
    </ClInclude>
    <ClInclude Include="src\goddard\dynlists\dynlists.h">
      <Filter>Header Files</Filter>
    </ClInclude>
    <ClInclude Include="src\goddard\dynlists\dynlist_macros.h">
      <Filter>Header Files</Filter>
    </ClInclude>
    <ClInclude Include="src\menu\debug_level_select.h">
      <Filter>Header Files</Filter>
    </ClInclude>
    <ClInclude Include="src\menu\file_select.h">
      <Filter>Header Files</Filter>
    </ClInclude>
    <ClInclude Include="src\menu\intro_geo.h">
      <Filter>Header Files</Filter>
    </ClInclude>
    <ClInclude Include="src\menu\level_select_menu.h">
      <Filter>Header Files</Filter>
    </ClInclude>
    <ClInclude Include="src\menu\star_select.h">
      <Filter>Header Files</Filter>
    </ClInclude>
    <ClInclude Include="src\pc\cheats.h">
      <Filter>Header Files</Filter>
    </ClInclude>
    <ClInclude Include="src\pc\cliopts.h">
      <Filter>Header Files</Filter>
    </ClInclude>
    <ClInclude Include="src\pc\configfile.h">
      <Filter>Header Files</Filter>
    </ClInclude>
    <ClInclude Include="src\pc\ini.h">
      <Filter>Header Files</Filter>
    </ClInclude>
    <ClInclude Include="src\pc\mixer.h">
      <Filter>Header Files</Filter>
    </ClInclude>
    <ClInclude Include="src\pc\pc_main.h">
      <Filter>Header Files</Filter>
    </ClInclude>
    <ClInclude Include="src\pc\platform.h">
      <Filter>Header Files</Filter>
    </ClInclude>
    <ClInclude Include="src\pc\audio\audio_api.h">
      <Filter>Header Files</Filter>
    </ClInclude>
    <ClInclude Include="src\pc\audio\audio_null.h">
      <Filter>Header Files</Filter>
    </ClInclude>
    <ClInclude Include="src\pc\audio\audio_sdl.h">
      <Filter>Header Files</Filter>
    </ClInclude>
    <ClInclude Include="src\pc\controller\controller_api.h">
      <Filter>Header Files</Filter>
    </ClInclude>
    <ClInclude Include="src\pc\controller\controller_emscripten_keyboard.h">
      <Filter>Header Files</Filter>
    </ClInclude>
    <ClInclude Include="src\pc\controller\controller_keyboard.h">
      <Filter>Header Files</Filter>
    </ClInclude>
    <ClInclude Include="src\pc\controller\controller_mouse.h">
      <Filter>Header Files</Filter>
    </ClInclude>
    <ClInclude Include="src\pc\controller\controller_recorded_tas.h">
      <Filter>Header Files</Filter>
    </ClInclude>
    <ClInclude Include="src\pc\controller\controller_sdl.h">
      <Filter>Header Files</Filter>
    </ClInclude>
    <ClInclude Include="src\pc\discord\discordrpc.h">
      <Filter>Header Files</Filter>
    </ClInclude>
    <ClInclude Include="src\pc\fs\dirtree.h">
      <Filter>Header Files</Filter>
    </ClInclude>
    <ClInclude Include="src\pc\fs\fs.h">
      <Filter>Header Files</Filter>
    </ClInclude>
    <ClInclude Include="src\pc\gfx\gfx_cc.h">
      <Filter>Header Files</Filter>
    </ClInclude>
    <ClInclude Include="src\pc\gfx\gfx_direct3d11.h">
      <Filter>Header Files</Filter>
    </ClInclude>
    <ClInclude Include="src\pc\gfx\gfx_direct3d12.h">
      <Filter>Header Files</Filter>
    </ClInclude>
    <ClInclude Include="src\pc\gfx\gfx_direct3d12_guids.h">
      <Filter>Header Files</Filter>
    </ClInclude>
    <ClInclude Include="src\pc\gfx\gfx_direct3d_common.h">
      <Filter>Header Files</Filter>
    </ClInclude>
    <ClInclude Include="src\pc\gfx\gfx_dxgi.h">
      <Filter>Header Files</Filter>
    </ClInclude>
    <ClInclude Include="src\pc\gfx\gfx_opengl.h">
      <Filter>Header Files</Filter>
    </ClInclude>
    <ClInclude Include="src\pc\gfx\gfx_pc.h">
      <Filter>Header Files</Filter>
    </ClInclude>
    <ClInclude Include="src\pc\gfx\gfx_rendering_api.h">
      <Filter>Header Files</Filter>
    </ClInclude>
    <ClInclude Include="src\pc\gfx\gfx_screen_config.h">
      <Filter>Header Files</Filter>
    </ClInclude>
    <ClInclude Include="src\pc\gfx\gfx_sdl.h">
      <Filter>Header Files</Filter>
    </ClInclude>
    <ClInclude Include="src\pc\gfx\gfx_window_manager_api.h">
      <Filter>Header Files</Filter>
    </ClInclude>
    <ClInclude Include="include\dxsdk\d3d12.h">
      <Filter>Header Files</Filter>
    </ClInclude>
    <ClInclude Include="include\dxsdk\d3d12sdklayers.h">
      <Filter>Header Files</Filter>
    </ClInclude>
    <ClInclude Include="include\dxsdk\d3dcommon.h">
      <Filter>Header Files</Filter>
    </ClInclude>
    <ClInclude Include="include\dxsdk\d3dx12.h">
      <Filter>Header Files</Filter>
    </ClInclude>
    <ClInclude Include="include\GL\eglew.h">
      <Filter>Header Files</Filter>
    </ClInclude>
    <ClInclude Include="include\GL\glew.h">
      <Filter>Header Files</Filter>
    </ClInclude>
    <ClInclude Include="include\GL\glxew.h">
      <Filter>Header Files</Filter>
    </ClInclude>
    <ClInclude Include="include\GL\wglew.h">
      <Filter>Header Files</Filter>
    </ClInclude>
    <ClInclude Include="include\libc\math.h">
      <Filter>Header Files</Filter>
    </ClInclude>
    <ClInclude Include="include\libc\stdarg.h">
      <Filter>Header Files</Filter>
    </ClInclude>
    <ClInclude Include="include\libc\stddef.h">
      <Filter>Header Files</Filter>
    </ClInclude>
    <ClInclude Include="include\libc\stdio.h">
      <Filter>Header Files</Filter>
    </ClInclude>
    <ClInclude Include="include\libc\stdlib.h">
      <Filter>Header Files</Filter>
    </ClInclude>
    <ClInclude Include="include\libc\string.h">
      <Filter>Header Files</Filter>
    </ClInclude>
    <ClInclude Include="include\PR\abi.h">
      <Filter>Header Files</Filter>
    </ClInclude>
    <ClInclude Include="include\PR\gbi.h">
      <Filter>Header Files</Filter>
    </ClInclude>
    <ClInclude Include="include\PR\gs2dex.h">
      <Filter>Header Files</Filter>
    </ClInclude>
    <ClInclude Include="include\PR\gu.h">
      <Filter>Header Files</Filter>
    </ClInclude>
    <ClInclude Include="include\PR\libaudio.h">
      <Filter>Header Files</Filter>
    </ClInclude>
    <ClInclude Include="include\PR\libultra.h">
      <Filter>Header Files</Filter>
    </ClInclude>
    <ClInclude Include="include\PR\mbi.h">
      <Filter>Header Files</Filter>
    </ClInclude>
    <ClInclude Include="include\PR\os_ai.h">
      <Filter>Header Files</Filter>
    </ClInclude>
    <ClInclude Include="include\PR\os_cache.h">
      <Filter>Header Files</Filter>
    </ClInclude>
    <ClInclude Include="include\PR\os_cont.h">
      <Filter>Header Files</Filter>
    </ClInclude>
    <ClInclude Include="include\PR\os_eeprom.h">
      <Filter>Header Files</Filter>
    </ClInclude>
    <ClInclude Include="include\PR\os_exception.h">
      <Filter>Header Files</Filter>
    </ClInclude>
    <ClInclude Include="include\PR\os_internal.h">
      <Filter>Header Files</Filter>
    </ClInclude>
    <ClInclude Include="include\PR\os_libc.h">
      <Filter>Header Files</Filter>
    </ClInclude>
    <ClInclude Include="include\PR\os_message.h">
      <Filter>Header Files</Filter>
    </ClInclude>
    <ClInclude Include="include\PR\os_misc.h">
      <Filter>Header Files</Filter>
    </ClInclude>
    <ClInclude Include="include\PR\os_pi.h">
      <Filter>Header Files</Filter>
    </ClInclude>
    <ClInclude Include="include\PR\os_rdp.h">
      <Filter>Header Files</Filter>
    </ClInclude>
    <ClInclude Include="include\PR\os_thread.h">
      <Filter>Header Files</Filter>
    </ClInclude>
    <ClInclude Include="include\PR\os_time.h">
      <Filter>Header Files</Filter>
    </ClInclude>
    <ClInclude Include="include\PR\os_tlb.h">
      <Filter>Header Files</Filter>
    </ClInclude>
    <ClInclude Include="include\PR\os_vi.h">
      <Filter>Header Files</Filter>
    </ClInclude>
    <ClInclude Include="include\PR\sptask.h">
      <Filter>Header Files</Filter>
    </ClInclude>
    <ClInclude Include="include\PR\ucode.h">
      <Filter>Header Files</Filter>
    </ClInclude>
    <ClInclude Include="include\PR\ultratypes.h">
      <Filter>Header Files</Filter>
    </ClInclude>
    <ClInclude Include="include\stb\stb_image.h">
      <Filter>Header Files</Filter>
    </ClInclude>
    <ClInclude Include="include\stb\stb_image_write.h">
      <Filter>Header Files</Filter>
    </ClInclude>
    <ClInclude Include="include\audio_defines.h">
      <Filter>Header Files</Filter>
    </ClInclude>
    <ClInclude Include="include\behavior_data.h">
      <Filter>Header Files</Filter>
    </ClInclude>
    <ClInclude Include="include\command_macros_base.h">
      <Filter>Header Files</Filter>
    </ClInclude>
    <ClInclude Include="include\config.h">
      <Filter>Header Files</Filter>
    </ClInclude>
    <ClInclude Include="include\course_table.h">
      <Filter>Header Files</Filter>
    </ClInclude>
    <ClInclude Include="include\dialog_ids.h">
      <Filter>Header Files</Filter>
    </ClInclude>
    <ClInclude Include="include\eu_translation.h">
      <Filter>Header Files</Filter>
    </ClInclude>
    <ClInclude Include="include\geo_commands.h">
      <Filter>Header Files</Filter>
    </ClInclude>
    <ClInclude Include="include\gfx_dimensions.h">
      <Filter>Header Files</Filter>
    </ClInclude>
    <ClInclude Include="include\helper_macros.h">
      <Filter>Header Files</Filter>
    </ClInclude>
    <ClInclude Include="include\level_commands.h">
      <Filter>Header Files</Filter>
    </ClInclude>
    <ClInclude Include="include\level_misc_macros.h">
      <Filter>Header Files</Filter>
    </ClInclude>
    <ClInclude Include="include\level_table.h">
      <Filter>Header Files</Filter>
    </ClInclude>
    <ClInclude Include="include\macro_preset_names.h">
      <Filter>Header Files</Filter>
    </ClInclude>
    <ClInclude Include="include\macro_presets.h">
      <Filter>Header Files</Filter>
    </ClInclude>
    <ClInclude Include="include\macros.h">
      <Filter>Header Files</Filter>
    </ClInclude>
    <ClInclude Include="include\make_const_nonconst.h">
      <Filter>Header Files</Filter>
    </ClInclude>
    <ClInclude Include="include\mario_animation_ids.h">
      <Filter>Header Files</Filter>
    </ClInclude>
    <ClInclude Include="include\mario_geo_switch_case_ids.h">
      <Filter>Header Files</Filter>
    </ClInclude>
    <ClInclude Include="include\model_ids.h">
      <Filter>Header Files</Filter>
    </ClInclude>
    <ClInclude Include="include\moving_texture_macros.h">
      <Filter>Header Files</Filter>
    </ClInclude>
    <ClInclude Include="include\object_constants.h">
      <Filter>Header Files</Filter>
    </ClInclude>
    <ClInclude Include="include\object_fields.h">
      <Filter>Header Files</Filter>
    </ClInclude>
    <ClInclude Include="include\platform_info.h">
      <Filter>Header Files</Filter>
    </ClInclude>
    <ClInclude Include="include\prevent_bss_reordering.h">
      <Filter>Header Files</Filter>
    </ClInclude>
    <ClInclude Include="include\segment_symbols.h">
      <Filter>Header Files</Filter>
    </ClInclude>
    <ClInclude Include="include\segments.h">
      <Filter>Header Files</Filter>
    </ClInclude>
    <ClInclude Include="include\seq_ids.h">
      <Filter>Header Files</Filter>
    </ClInclude>
    <ClInclude Include="include\sm64.h">
      <Filter>Header Files</Filter>
    </ClInclude>
    <ClInclude Include="include\special_preset_names.h">
      <Filter>Header Files</Filter>
    </ClInclude>
    <ClInclude Include="include\special_presets.h">
      <Filter>Header Files</Filter>
    </ClInclude>
    <ClInclude Include="include\surface_terrains.h">
      <Filter>Header Files</Filter>
    </ClInclude>
    <ClInclude Include="include\textures.h">
      <Filter>Header Files</Filter>
    </ClInclude>
    <ClInclude Include="include\tinfl.h">
      <Filter>Header Files</Filter>
    </ClInclude>
    <ClInclude Include="include\types.h">
      <Filter>Header Files</Filter>
    </ClInclude>
    <ClInclude Include="include\ultra64.h">
      <Filter>Header Files</Filter>
    </ClInclude>
  </ItemGroup>
  <ItemGroup>
    <None Include="include\macros.inc">
      <Filter>Header Files</Filter>
    </None>
    <None Include="include\seq_macros.inc">
      <Filter>Header Files</Filter>
    </None>
  </ItemGroup>
</Project>